// !$*UTF8*$!
{
	archiveVersion = 1;
	classes = {
	};
	objectVersion = 46;
	objects = {

/* Begin PBXBuildFile section */
		4F0C27195C3CB34288CBEB72 /* Pods_Test.framework in Frameworks */ = {isa = PBXBuildFile; fileRef = B9B28782549FB7FB893E8B85 /* Pods_Test.framework */; };
		614E6F2E5C3AE729BA298B45 /* Pods_TestUITests.framework in Frameworks */ = {isa = PBXBuildFile; fileRef = 924352B9A3FA7867390CCACB /* Pods_TestUITests.framework */; };
		9223DB86BE4DF7A907CFEE4A /* Pods_TestTests.framework in Frameworks */ = {isa = PBXBuildFile; fileRef = 01E7C0110F12579E5B3A3BE7 /* Pods_TestTests.framework */; };
		998E61D61E56D32D00025F8D /* AppDelegate.swift in Sources */ = {isa = PBXBuildFile; fileRef = 998E61D51E56D32D00025F8D /* AppDelegate.swift */; };
		998E61D81E56D32D00025F8D /* ViewController.swift in Sources */ = {isa = PBXBuildFile; fileRef = 998E61D71E56D32D00025F8D /* ViewController.swift */; };
		998E61DB1E56D32D00025F8D /* Main.storyboard in Resources */ = {isa = PBXBuildFile; fileRef = 998E61D91E56D32D00025F8D /* Main.storyboard */; };
		998E61DD1E56D32D00025F8D /* Assets.xcassets in Resources */ = {isa = PBXBuildFile; fileRef = 998E61DC1E56D32D00025F8D /* Assets.xcassets */; };
		998E61E01E56D32D00025F8D /* LaunchScreen.storyboard in Resources */ = {isa = PBXBuildFile; fileRef = 998E61DE1E56D32D00025F8D /* LaunchScreen.storyboard */; };
		998E61EB1E56D32E00025F8D /* TestTests.swift in Sources */ = {isa = PBXBuildFile; fileRef = 998E61EA1E56D32E00025F8D /* TestTests.swift */; };
		998E61F61E56D32E00025F8D /* TestUITests.swift in Sources */ = {isa = PBXBuildFile; fileRef = 998E61F51E56D32E00025F8D /* TestUITests.swift */; };
/* End PBXBuildFile section */

/* Begin PBXContainerItemProxy section */
		998E61E71E56D32E00025F8D /* PBXContainerItemProxy */ = {
			isa = PBXContainerItemProxy;
			containerPortal = 998E61CA1E56D32D00025F8D /* Project object */;
			proxyType = 1;
			remoteGlobalIDString = 998E61D11E56D32D00025F8D;
			remoteInfo = Test;
		};
		998E61F21E56D32E00025F8D /* PBXContainerItemProxy */ = {
			isa = PBXContainerItemProxy;
			containerPortal = 998E61CA1E56D32D00025F8D /* Project object */;
			proxyType = 1;
			remoteGlobalIDString = 998E61D11E56D32D00025F8D;
			remoteInfo = Test;
		};
/* End PBXContainerItemProxy section */

/* Begin PBXFileReference section */
		01E7C0110F12579E5B3A3BE7 /* Pods_TestTests.framework */ = {isa = PBXFileReference; explicitFileType = wrapper.framework; includeInIndex = 0; path = Pods_TestTests.framework; sourceTree = BUILT_PRODUCTS_DIR; };
		16AE742B4DC7A68615960865 /* Pods-TestUITests.release.xcconfig */ = {isa = PBXFileReference; includeInIndex = 1; lastKnownFileType = text.xcconfig; name = "Pods-TestUITests.release.xcconfig"; path = "Pods/Target Support Files/Pods-TestUITests/Pods-TestUITests.release.xcconfig"; sourceTree = "<group>"; };
		4BB88B87E4CCF7DD22852A0A /* Pods-TestTests.release.xcconfig */ = {isa = PBXFileReference; includeInIndex = 1; lastKnownFileType = text.xcconfig; name = "Pods-TestTests.release.xcconfig"; path = "Pods/Target Support Files/Pods-TestTests/Pods-TestTests.release.xcconfig"; sourceTree = "<group>"; };
		52C2E660C645AADD5F622953 /* Pods-TestUITests.debug.xcconfig */ = {isa = PBXFileReference; includeInIndex = 1; lastKnownFileType = text.xcconfig; name = "Pods-TestUITests.debug.xcconfig"; path = "Pods/Target Support Files/Pods-TestUITests/Pods-TestUITests.debug.xcconfig"; sourceTree = "<group>"; };
		7DBCF93C3B4033EB899C0F12 /* Pods-Test.debug.xcconfig */ = {isa = PBXFileReference; includeInIndex = 1; lastKnownFileType = text.xcconfig; name = "Pods-Test.debug.xcconfig"; path = "Pods/Target Support Files/Pods-Test/Pods-Test.debug.xcconfig"; sourceTree = "<group>"; };
		91B3640E7DFBE2008334A21F /* Pods-TestTests.debug.xcconfig */ = {isa = PBXFileReference; includeInIndex = 1; lastKnownFileType = text.xcconfig; name = "Pods-TestTests.debug.xcconfig"; path = "Pods/Target Support Files/Pods-TestTests/Pods-TestTests.debug.xcconfig"; sourceTree = "<group>"; };
		924352B9A3FA7867390CCACB /* Pods_TestUITests.framework */ = {isa = PBXFileReference; explicitFileType = wrapper.framework; includeInIndex = 0; path = Pods_TestUITests.framework; sourceTree = BUILT_PRODUCTS_DIR; };
		998E61D21E56D32D00025F8D /* Test.app */ = {isa = PBXFileReference; explicitFileType = wrapper.application; includeInIndex = 0; path = Test.app; sourceTree = BUILT_PRODUCTS_DIR; };
		998E61D51E56D32D00025F8D /* AppDelegate.swift */ = {isa = PBXFileReference; lastKnownFileType = sourcecode.swift; path = AppDelegate.swift; sourceTree = "<group>"; };
		998E61D71E56D32D00025F8D /* ViewController.swift */ = {isa = PBXFileReference; lastKnownFileType = sourcecode.swift; path = ViewController.swift; sourceTree = "<group>"; };
		998E61DA1E56D32D00025F8D /* Base */ = {isa = PBXFileReference; lastKnownFileType = file.storyboard; name = Base; path = Base.lproj/Main.storyboard; sourceTree = "<group>"; };
		998E61DC1E56D32D00025F8D /* Assets.xcassets */ = {isa = PBXFileReference; lastKnownFileType = folder.assetcatalog; path = Assets.xcassets; sourceTree = "<group>"; };
		998E61DF1E56D32D00025F8D /* Base */ = {isa = PBXFileReference; lastKnownFileType = file.storyboard; name = Base; path = Base.lproj/LaunchScreen.storyboard; sourceTree = "<group>"; };
		998E61E11E56D32D00025F8D /* Info.plist */ = {isa = PBXFileReference; lastKnownFileType = text.plist.xml; path = Info.plist; sourceTree = "<group>"; };
		998E61E61E56D32E00025F8D /* TestTests.xctest */ = {isa = PBXFileReference; explicitFileType = wrapper.cfbundle; includeInIndex = 0; path = TestTests.xctest; sourceTree = BUILT_PRODUCTS_DIR; };
		998E61EA1E56D32E00025F8D /* TestTests.swift */ = {isa = PBXFileReference; lastKnownFileType = sourcecode.swift; path = TestTests.swift; sourceTree = "<group>"; };
		998E61EC1E56D32E00025F8D /* Info.plist */ = {isa = PBXFileReference; lastKnownFileType = text.plist.xml; path = Info.plist; sourceTree = "<group>"; };
		998E61F11E56D32E00025F8D /* TestUITests.xctest */ = {isa = PBXFileReference; explicitFileType = wrapper.cfbundle; includeInIndex = 0; path = TestUITests.xctest; sourceTree = BUILT_PRODUCTS_DIR; };
		998E61F51E56D32E00025F8D /* TestUITests.swift */ = {isa = PBXFileReference; lastKnownFileType = sourcecode.swift; path = TestUITests.swift; sourceTree = "<group>"; };
		998E61F71E56D32E00025F8D /* Info.plist */ = {isa = PBXFileReference; lastKnownFileType = text.plist.xml; path = Info.plist; sourceTree = "<group>"; };
		AFB8019D2CE3C27591EF9D93 /* Pods-Test.release.xcconfig */ = {isa = PBXFileReference; includeInIndex = 1; lastKnownFileType = text.xcconfig; name = "Pods-Test.release.xcconfig"; path = "Pods/Target Support Files/Pods-Test/Pods-Test.release.xcconfig"; sourceTree = "<group>"; };
		B9B28782549FB7FB893E8B85 /* Pods_Test.framework */ = {isa = PBXFileReference; explicitFileType = wrapper.framework; includeInIndex = 0; path = Pods_Test.framework; sourceTree = BUILT_PRODUCTS_DIR; };
/* End PBXFileReference section */

/* Begin PBXFrameworksBuildPhase section */
		998E61CF1E56D32D00025F8D /* Frameworks */ = {
			isa = PBXFrameworksBuildPhase;
			buildActionMask = 2147483647;
			files = (
				4F0C27195C3CB34288CBEB72 /* Pods_Test.framework in Frameworks */,
			);
			runOnlyForDeploymentPostprocessing = 0;
		};
		998E61E31E56D32E00025F8D /* Frameworks */ = {
			isa = PBXFrameworksBuildPhase;
			buildActionMask = 2147483647;
			files = (
				9223DB86BE4DF7A907CFEE4A /* Pods_TestTests.framework in Frameworks */,
			);
			runOnlyForDeploymentPostprocessing = 0;
		};
		998E61EE1E56D32E00025F8D /* Frameworks */ = {
			isa = PBXFrameworksBuildPhase;
			buildActionMask = 2147483647;
			files = (
				614E6F2E5C3AE729BA298B45 /* Pods_TestUITests.framework in Frameworks */,
			);
			runOnlyForDeploymentPostprocessing = 0;
		};
/* End PBXFrameworksBuildPhase section */

/* Begin PBXGroup section */
		998E61C91E56D32D00025F8D = {
			isa = PBXGroup;
			children = (
				998E61D41E56D32D00025F8D /* Test */,
				998E61E91E56D32E00025F8D /* TestTests */,
				998E61F41E56D32E00025F8D /* TestUITests */,
				998E61D31E56D32D00025F8D /* Products */,
				C20F413235489182AF4C7263 /* Pods */,
				B7D421152C7ABEB31594DDD9 /* Frameworks */,
			);
			sourceTree = "<group>";
		};
		998E61D31E56D32D00025F8D /* Products */ = {
			isa = PBXGroup;
			children = (
				998E61D21E56D32D00025F8D /* Test.app */,
				998E61E61E56D32E00025F8D /* TestTests.xctest */,
				998E61F11E56D32E00025F8D /* TestUITests.xctest */,
			);
			name = Products;
			sourceTree = "<group>";
		};
		998E61D41E56D32D00025F8D /* Test */ = {
			isa = PBXGroup;
			children = (
				998E61D51E56D32D00025F8D /* AppDelegate.swift */,
				998E61D71E56D32D00025F8D /* ViewController.swift */,
				998E61D91E56D32D00025F8D /* Main.storyboard */,
				998E61DC1E56D32D00025F8D /* Assets.xcassets */,
				998E61DE1E56D32D00025F8D /* LaunchScreen.storyboard */,
				998E61E11E56D32D00025F8D /* Info.plist */,
			);
			path = Test;
			sourceTree = "<group>";
		};
		998E61E91E56D32E00025F8D /* TestTests */ = {
			isa = PBXGroup;
			children = (
				998E61EA1E56D32E00025F8D /* TestTests.swift */,
				998E61EC1E56D32E00025F8D /* Info.plist */,
			);
			path = TestTests;
			sourceTree = "<group>";
		};
		998E61F41E56D32E00025F8D /* TestUITests */ = {
			isa = PBXGroup;
			children = (
				998E61F51E56D32E00025F8D /* TestUITests.swift */,
				998E61F71E56D32E00025F8D /* Info.plist */,
			);
			path = TestUITests;
			sourceTree = "<group>";
		};
		B7D421152C7ABEB31594DDD9 /* Frameworks */ = {
			isa = PBXGroup;
			children = (
				B9B28782549FB7FB893E8B85 /* Pods_Test.framework */,
				01E7C0110F12579E5B3A3BE7 /* Pods_TestTests.framework */,
				924352B9A3FA7867390CCACB /* Pods_TestUITests.framework */,
			);
			name = Frameworks;
			sourceTree = "<group>";
		};
		C20F413235489182AF4C7263 /* Pods */ = {
			isa = PBXGroup;
			children = (
				7DBCF93C3B4033EB899C0F12 /* Pods-Test.debug.xcconfig */,
				AFB8019D2CE3C27591EF9D93 /* Pods-Test.release.xcconfig */,
				91B3640E7DFBE2008334A21F /* Pods-TestTests.debug.xcconfig */,
				4BB88B87E4CCF7DD22852A0A /* Pods-TestTests.release.xcconfig */,
				52C2E660C645AADD5F622953 /* Pods-TestUITests.debug.xcconfig */,
				16AE742B4DC7A68615960865 /* Pods-TestUITests.release.xcconfig */,
			);
			name = Pods;
			sourceTree = "<group>";
		};
/* End PBXGroup section */

/* Begin PBXNativeTarget section */
		998E61D11E56D32D00025F8D /* Test */ = {
			isa = PBXNativeTarget;
			buildConfigurationList = 998E61FA1E56D32E00025F8D /* Build configuration list for PBXNativeTarget "Test" */;
			buildPhases = (
				7B3C9790BEFC0271305686B0 /* [CP] Check Pods Manifest.lock */,
				998E61CE1E56D32D00025F8D /* Sources */,
				998E61CF1E56D32D00025F8D /* Frameworks */,
				998E61D01E56D32D00025F8D /* Resources */,
				A0858F576C41E7994C3D0FB3 /* [CP] Embed Pods Frameworks */,
				D23C2D4765A1B7E1C5338746 /* [CP] Copy Pods Resources */,
			);
			buildRules = (
			);
			dependencies = (
			);
			name = Test;
			productName = Test;
			productReference = 998E61D21E56D32D00025F8D /* Test.app */;
			productType = "com.apple.product-type.application";
		};
		998E61E51E56D32E00025F8D /* TestTests */ = {
			isa = PBXNativeTarget;
			buildConfigurationList = 998E61FD1E56D32E00025F8D /* Build configuration list for PBXNativeTarget "TestTests" */;
			buildPhases = (
				4AA717799107E6CD94FC99FC /* [CP] Check Pods Manifest.lock */,
				998E61E21E56D32E00025F8D /* Sources */,
				998E61E31E56D32E00025F8D /* Frameworks */,
				998E61E41E56D32E00025F8D /* Resources */,
				1BC959E5696BE4E7ACB1DCB2 /* [CP] Embed Pods Frameworks */,
				F8DB1512077BA2EAA7F527DC /* [CP] Copy Pods Resources */,
			);
			buildRules = (
			);
			dependencies = (
				998E61E81E56D32E00025F8D /* PBXTargetDependency */,
			);
			name = TestTests;
			productName = TestTests;
			productReference = 998E61E61E56D32E00025F8D /* TestTests.xctest */;
			productType = "com.apple.product-type.bundle.unit-test";
		};
		998E61F01E56D32E00025F8D /* TestUITests */ = {
			isa = PBXNativeTarget;
			buildConfigurationList = 998E62001E56D32E00025F8D /* Build configuration list for PBXNativeTarget "TestUITests" */;
			buildPhases = (
				2C5B475CAE739A14C616E385 /* [CP] Check Pods Manifest.lock */,
				998E61ED1E56D32E00025F8D /* Sources */,
				998E61EE1E56D32E00025F8D /* Frameworks */,
				998E61EF1E56D32E00025F8D /* Resources */,
				F54F6F4229BDD7BC9F7AB488 /* [CP] Embed Pods Frameworks */,
				5F4F20E350A1D1B75FA033D3 /* [CP] Copy Pods Resources */,
			);
			buildRules = (
			);
			dependencies = (
				998E61F31E56D32E00025F8D /* PBXTargetDependency */,
			);
			name = TestUITests;
			productName = TestUITests;
			productReference = 998E61F11E56D32E00025F8D /* TestUITests.xctest */;
			productType = "com.apple.product-type.bundle.ui-testing";
		};
/* End PBXNativeTarget section */

/* Begin PBXProject section */
		998E61CA1E56D32D00025F8D /* Project object */ = {
			isa = PBXProject;
			attributes = {
				LastSwiftUpdateCheck = 0820;
				LastUpgradeCheck = 0820;
				ORGANIZATIONNAME = synerzip;
				TargetAttributes = {
					998E61D11E56D32D00025F8D = {
						CreatedOnToolsVersion = 8.2.1;
						DevelopmentTeam = 67822934AQ;
						ProvisioningStyle = Automatic;
					};
					998E61E51E56D32E00025F8D = {
						CreatedOnToolsVersion = 8.2.1;
						ProvisioningStyle = Automatic;
						TestTargetID = 998E61D11E56D32D00025F8D;
					};
					998E61F01E56D32E00025F8D = {
						CreatedOnToolsVersion = 8.2.1;
						ProvisioningStyle = Automatic;
						TestTargetID = 998E61D11E56D32D00025F8D;
					};
				};
			};
			buildConfigurationList = 998E61CD1E56D32D00025F8D /* Build configuration list for PBXProject "Test" */;
			compatibilityVersion = "Xcode 3.2";
			developmentRegion = English;
			hasScannedForEncodings = 0;
			knownRegions = (
				en,
				Base,
			);
			mainGroup = 998E61C91E56D32D00025F8D;
			productRefGroup = 998E61D31E56D32D00025F8D /* Products */;
			projectDirPath = "";
			projectRoot = "";
			targets = (
				998E61D11E56D32D00025F8D /* Test */,
				998E61E51E56D32E00025F8D /* TestTests */,
				998E61F01E56D32E00025F8D /* TestUITests */,
			);
		};
/* End PBXProject section */

/* Begin PBXResourcesBuildPhase section */
		998E61D01E56D32D00025F8D /* Resources */ = {
			isa = PBXResourcesBuildPhase;
			buildActionMask = 2147483647;
			files = (
				998E61E01E56D32D00025F8D /* LaunchScreen.storyboard in Resources */,
				998E61DD1E56D32D00025F8D /* Assets.xcassets in Resources */,
				998E61DB1E56D32D00025F8D /* Main.storyboard in Resources */,
			);
			runOnlyForDeploymentPostprocessing = 0;
		};
		998E61E41E56D32E00025F8D /* Resources */ = {
			isa = PBXResourcesBuildPhase;
			buildActionMask = 2147483647;
			files = (
			);
			runOnlyForDeploymentPostprocessing = 0;
		};
		998E61EF1E56D32E00025F8D /* Resources */ = {
			isa = PBXResourcesBuildPhase;
			buildActionMask = 2147483647;
			files = (
			);
			runOnlyForDeploymentPostprocessing = 0;
		};
/* End PBXResourcesBuildPhase section */

/* Begin PBXShellScriptBuildPhase section */
		1BC959E5696BE4E7ACB1DCB2 /* [CP] Embed Pods Frameworks */ = {
			isa = PBXShellScriptBuildPhase;
			buildActionMask = 2147483647;
			files = (
			);
			inputPaths = (
			);
			name = "[CP] Embed Pods Frameworks";
			outputPaths = (
			);
			runOnlyForDeploymentPostprocessing = 0;
			shellPath = /bin/sh;
			shellScript = "\"${SRCROOT}/Pods/Target Support Files/Pods-TestTests/Pods-TestTests-frameworks.sh\"\n";
			showEnvVarsInLog = 0;
		};
		2C5B475CAE739A14C616E385 /* [CP] Check Pods Manifest.lock */ = {
			isa = PBXShellScriptBuildPhase;
			buildActionMask = 2147483647;
			files = (
			);
			inputPaths = (
			);
			name = "[CP] Check Pods Manifest.lock";
			outputPaths = (
			);
			runOnlyForDeploymentPostprocessing = 0;
			shellPath = /bin/sh;
			shellScript = "diff \"${PODS_ROOT}/../Podfile.lock\" \"${PODS_ROOT}/Manifest.lock\" > /dev/null\nif [ $? != 0 ] ; then\n    # print error to STDERR\n    echo \"error: The sandbox is not in sync with the Podfile.lock. Run 'pod install' or update your CocoaPods installation.\" >&2\n    exit 1\nfi\n";
			showEnvVarsInLog = 0;
		};
		4AA717799107E6CD94FC99FC /* [CP] Check Pods Manifest.lock */ = {
			isa = PBXShellScriptBuildPhase;
			buildActionMask = 2147483647;
			files = (
			);
			inputPaths = (
			);
			name = "[CP] Check Pods Manifest.lock";
			outputPaths = (
			);
			runOnlyForDeploymentPostprocessing = 0;
			shellPath = /bin/sh;
			shellScript = "diff \"${PODS_ROOT}/../Podfile.lock\" \"${PODS_ROOT}/Manifest.lock\" > /dev/null\nif [ $? != 0 ] ; then\n    # print error to STDERR\n    echo \"error: The sandbox is not in sync with the Podfile.lock. Run 'pod install' or update your CocoaPods installation.\" >&2\n    exit 1\nfi\n";
			showEnvVarsInLog = 0;
		};
		5F4F20E350A1D1B75FA033D3 /* [CP] Copy Pods Resources */ = {
			isa = PBXShellScriptBuildPhase;
			buildActionMask = 2147483647;
			files = (
			);
			inputPaths = (
			);
			name = "[CP] Copy Pods Resources";
			outputPaths = (
			);
			runOnlyForDeploymentPostprocessing = 0;
			shellPath = /bin/sh;
			shellScript = "\"${SRCROOT}/Pods/Target Support Files/Pods-TestUITests/Pods-TestUITests-resources.sh\"\n";
			showEnvVarsInLog = 0;
		};
		7B3C9790BEFC0271305686B0 /* [CP] Check Pods Manifest.lock */ = {
			isa = PBXShellScriptBuildPhase;
			buildActionMask = 2147483647;
			files = (
			);
			inputPaths = (
			);
			name = "[CP] Check Pods Manifest.lock";
			outputPaths = (
			);
			runOnlyForDeploymentPostprocessing = 0;
			shellPath = /bin/sh;
			shellScript = "diff \"${PODS_ROOT}/../Podfile.lock\" \"${PODS_ROOT}/Manifest.lock\" > /dev/null\nif [ $? != 0 ] ; then\n    # print error to STDERR\n    echo \"error: The sandbox is not in sync with the Podfile.lock. Run 'pod install' or update your CocoaPods installation.\" >&2\n    exit 1\nfi\n";
			showEnvVarsInLog = 0;
		};
		A0858F576C41E7994C3D0FB3 /* [CP] Embed Pods Frameworks */ = {
			isa = PBXShellScriptBuildPhase;
			buildActionMask = 2147483647;
			files = (
			);
			inputPaths = (
			);
			name = "[CP] Embed Pods Frameworks";
			outputPaths = (
			);
			runOnlyForDeploymentPostprocessing = 0;
			shellPath = /bin/sh;
			shellScript = "\"${SRCROOT}/Pods/Target Support Files/Pods-Test/Pods-Test-frameworks.sh\"\n";
			showEnvVarsInLog = 0;
		};
		D23C2D4765A1B7E1C5338746 /* [CP] Copy Pods Resources */ = {
			isa = PBXShellScriptBuildPhase;
			buildActionMask = 2147483647;
			files = (
			);
			inputPaths = (
			);
			name = "[CP] Copy Pods Resources";
			outputPaths = (
			);
			runOnlyForDeploymentPostprocessing = 0;
			shellPath = /bin/sh;
			shellScript = "\"${SRCROOT}/Pods/Target Support Files/Pods-Test/Pods-Test-resources.sh\"\n";
			showEnvVarsInLog = 0;
		};
		F54F6F4229BDD7BC9F7AB488 /* [CP] Embed Pods Frameworks */ = {
			isa = PBXShellScriptBuildPhase;
			buildActionMask = 2147483647;
			files = (
			);
			inputPaths = (
			);
			name = "[CP] Embed Pods Frameworks";
			outputPaths = (
			);
			runOnlyForDeploymentPostprocessing = 0;
			shellPath = /bin/sh;
			shellScript = "\"${SRCROOT}/Pods/Target Support Files/Pods-TestUITests/Pods-TestUITests-frameworks.sh\"\n";
			showEnvVarsInLog = 0;
		};
		F8DB1512077BA2EAA7F527DC /* [CP] Copy Pods Resources */ = {
			isa = PBXShellScriptBuildPhase;
			buildActionMask = 2147483647;
			files = (
			);
			inputPaths = (
			);
			name = "[CP] Copy Pods Resources";
			outputPaths = (
			);
			runOnlyForDeploymentPostprocessing = 0;
			shellPath = /bin/sh;
			shellScript = "\"${SRCROOT}/Pods/Target Support Files/Pods-TestTests/Pods-TestTests-resources.sh\"\n";
			showEnvVarsInLog = 0;
		};
/* End PBXShellScriptBuildPhase section */

/* Begin PBXSourcesBuildPhase section */
		998E61CE1E56D32D00025F8D /* Sources */ = {
			isa = PBXSourcesBuildPhase;
			buildActionMask = 2147483647;
			files = (
				998E61D81E56D32D00025F8D /* ViewController.swift in Sources */,
				998E61D61E56D32D00025F8D /* AppDelegate.swift in Sources */,
			);
			runOnlyForDeploymentPostprocessing = 0;
		};
		998E61E21E56D32E00025F8D /* Sources */ = {
			isa = PBXSourcesBuildPhase;
			buildActionMask = 2147483647;
			files = (
				998E61EB1E56D32E00025F8D /* TestTests.swift in Sources */,
			);
			runOnlyForDeploymentPostprocessing = 0;
		};
		998E61ED1E56D32E00025F8D /* Sources */ = {
			isa = PBXSourcesBuildPhase;
			buildActionMask = 2147483647;
			files = (
				998E61F61E56D32E00025F8D /* TestUITests.swift in Sources */,
			);
			runOnlyForDeploymentPostprocessing = 0;
		};
/* End PBXSourcesBuildPhase section */

/* Begin PBXTargetDependency section */
		998E61E81E56D32E00025F8D /* PBXTargetDependency */ = {
			isa = PBXTargetDependency;
			target = 998E61D11E56D32D00025F8D /* Test */;
			targetProxy = 998E61E71E56D32E00025F8D /* PBXContainerItemProxy */;
		};
		998E61F31E56D32E00025F8D /* PBXTargetDependency */ = {
			isa = PBXTargetDependency;
			target = 998E61D11E56D32D00025F8D /* Test */;
			targetProxy = 998E61F21E56D32E00025F8D /* PBXContainerItemProxy */;
		};
/* End PBXTargetDependency section */

/* Begin PBXVariantGroup section */
		998E61D91E56D32D00025F8D /* Main.storyboard */ = {
			isa = PBXVariantGroup;
			children = (
				998E61DA1E56D32D00025F8D /* Base */,
			);
			name = Main.storyboard;
			sourceTree = "<group>";
		};
		998E61DE1E56D32D00025F8D /* LaunchScreen.storyboard */ = {
			isa = PBXVariantGroup;
			children = (
				998E61DF1E56D32D00025F8D /* Base */,
			);
			name = LaunchScreen.storyboard;
			sourceTree = "<group>";
		};
/* End PBXVariantGroup section */

/* Begin XCBuildConfiguration section */
		998E61F81E56D32E00025F8D /* Debug */ = {
			isa = XCBuildConfiguration;
			buildSettings = {
				ALWAYS_SEARCH_USER_PATHS = NO;
				CLANG_ANALYZER_NONNULL = YES;
				CLANG_CXX_LANGUAGE_STANDARD = "gnu++0x";
				CLANG_CXX_LIBRARY = "libc++";
				CLANG_ENABLE_MODULES = YES;
				CLANG_ENABLE_OBJC_ARC = YES;
				CLANG_WARN_BOOL_CONVERSION = YES;
				CLANG_WARN_CONSTANT_CONVERSION = YES;
				CLANG_WARN_DIRECT_OBJC_ISA_USAGE = YES_ERROR;
				CLANG_WARN_DOCUMENTATION_COMMENTS = YES;
				CLANG_WARN_EMPTY_BODY = YES;
				CLANG_WARN_ENUM_CONVERSION = YES;
				CLANG_WARN_INFINITE_RECURSION = YES;
				CLANG_WARN_INT_CONVERSION = YES;
				CLANG_WARN_OBJC_ROOT_CLASS = YES_ERROR;
				CLANG_WARN_SUSPICIOUS_MOVE = YES;
				CLANG_WARN_UNREACHABLE_CODE = YES;
				CLANG_WARN__DUPLICATE_METHOD_MATCH = YES;
				"CODE_SIGN_IDENTITY[sdk=iphoneos*]" = "iPhone Developer";
				COPY_PHASE_STRIP = NO;
				DEBUG_INFORMATION_FORMAT = dwarf;
				ENABLE_STRICT_OBJC_MSGSEND = YES;
				ENABLE_TESTABILITY = YES;
				GCC_C_LANGUAGE_STANDARD = gnu99;
				GCC_DYNAMIC_NO_PIC = NO;
				GCC_NO_COMMON_BLOCKS = YES;
				GCC_OPTIMIZATION_LEVEL = 0;
				GCC_PREPROCESSOR_DEFINITIONS = (
					"DEBUG=1",
					"$(inherited)",
				);
				GCC_WARN_64_TO_32_BIT_CONVERSION = YES;
				GCC_WARN_ABOUT_RETURN_TYPE = YES_ERROR;
				GCC_WARN_UNDECLARED_SELECTOR = YES;
				GCC_WARN_UNINITIALIZED_AUTOS = YES_AGGRESSIVE;
				GCC_WARN_UNUSED_FUNCTION = YES;
				GCC_WARN_UNUSED_VARIABLE = YES;
				IPHONEOS_DEPLOYMENT_TARGET = 10.2;
				MTL_ENABLE_DEBUG_INFO = YES;
				ONLY_ACTIVE_ARCH = YES;
				SDKROOT = iphoneos;
				SWIFT_ACTIVE_COMPILATION_CONDITIONS = DEBUG;
				SWIFT_OPTIMIZATION_LEVEL = "-Onone";
				TARGETED_DEVICE_FAMILY = "1,2";
			};
			name = Debug;
		};
		998E61F91E56D32E00025F8D /* Release */ = {
			isa = XCBuildConfiguration;
			buildSettings = {
				ALWAYS_SEARCH_USER_PATHS = NO;
				CLANG_ANALYZER_NONNULL = YES;
				CLANG_CXX_LANGUAGE_STANDARD = "gnu++0x";
				CLANG_CXX_LIBRARY = "libc++";
				CLANG_ENABLE_MODULES = YES;
				CLANG_ENABLE_OBJC_ARC = YES;
				CLANG_WARN_BOOL_CONVERSION = YES;
				CLANG_WARN_CONSTANT_CONVERSION = YES;
				CLANG_WARN_DIRECT_OBJC_ISA_USAGE = YES_ERROR;
				CLANG_WARN_DOCUMENTATION_COMMENTS = YES;
				CLANG_WARN_EMPTY_BODY = YES;
				CLANG_WARN_ENUM_CONVERSION = YES;
				CLANG_WARN_INFINITE_RECURSION = YES;
				CLANG_WARN_INT_CONVERSION = YES;
				CLANG_WARN_OBJC_ROOT_CLASS = YES_ERROR;
				CLANG_WARN_SUSPICIOUS_MOVE = YES;
				CLANG_WARN_UNREACHABLE_CODE = YES;
				CLANG_WARN__DUPLICATE_METHOD_MATCH = YES;
				"CODE_SIGN_IDENTITY[sdk=iphoneos*]" = "iPhone Developer";
				COPY_PHASE_STRIP = NO;
				DEBUG_INFORMATION_FORMAT = "dwarf-with-dsym";
				ENABLE_NS_ASSERTIONS = NO;
				ENABLE_STRICT_OBJC_MSGSEND = YES;
				GCC_C_LANGUAGE_STANDARD = gnu99;
				GCC_NO_COMMON_BLOCKS = YES;
				GCC_WARN_64_TO_32_BIT_CONVERSION = YES;
				GCC_WARN_ABOUT_RETURN_TYPE = YES_ERROR;
				GCC_WARN_UNDECLARED_SELECTOR = YES;
				GCC_WARN_UNINITIALIZED_AUTOS = YES_AGGRESSIVE;
				GCC_WARN_UNUSED_FUNCTION = YES;
				GCC_WARN_UNUSED_VARIABLE = YES;
				IPHONEOS_DEPLOYMENT_TARGET = 10.2;
				MTL_ENABLE_DEBUG_INFO = NO;
				SDKROOT = iphoneos;
				SWIFT_OPTIMIZATION_LEVEL = "-Owholemodule";
				TARGETED_DEVICE_FAMILY = "1,2";
				VALIDATE_PRODUCT = YES;
			};
			name = Release;
		};
		998E61FB1E56D32E00025F8D /* Debug */ = {
			isa = XCBuildConfiguration;
			baseConfigurationReference = 7DBCF93C3B4033EB899C0F12 /* Pods-Test.debug.xcconfig */;
			buildSettings = {
				ASSETCATALOG_COMPILER_APPICON_NAME = AppIcon;
				CODE_SIGN_IDENTITY = "iPhone Developer";
				DEVELOPMENT_TEAM = 67822934AQ;
				ENABLE_BITCODE = NO;
				INFOPLIST_FILE = Test/Info.plist;
				LD_RUNPATH_SEARCH_PATHS = "$(inherited) @executable_path/Frameworks";
				PRODUCT_BUNDLE_IDENTIFIER = com.synerzip.xcodeServer.Test;
				PRODUCT_NAME = "$(TARGET_NAME)";
				SWIFT_VERSION = 3.0;
			};
			name = Debug;
		};
		998E61FC1E56D32E00025F8D /* Release */ = {
			isa = XCBuildConfiguration;
			baseConfigurationReference = AFB8019D2CE3C27591EF9D93 /* Pods-Test.release.xcconfig */;
			buildSettings = {
				ASSETCATALOG_COMPILER_APPICON_NAME = AppIcon;
				CODE_SIGN_IDENTITY = "iPhone Developer";
				DEVELOPMENT_TEAM = 67822934AQ;
				ENABLE_BITCODE = NO;
				INFOPLIST_FILE = Test/Info.plist;
				LD_RUNPATH_SEARCH_PATHS = "$(inherited) @executable_path/Frameworks";
				PRODUCT_BUNDLE_IDENTIFIER = com.synerzip.xcodeServer.Test;
				PRODUCT_NAME = "$(TARGET_NAME)";
				SWIFT_VERSION = 3.0;
			};
			name = Release;
		};
		998E61FE1E56D32E00025F8D /* Debug */ = {
			isa = XCBuildConfiguration;
			baseConfigurationReference = 91B3640E7DFBE2008334A21F /* Pods-TestTests.debug.xcconfig */;
			buildSettings = {
				ALWAYS_EMBED_SWIFT_STANDARD_LIBRARIES = YES;
				BUNDLE_LOADER = "$(TEST_HOST)";
				INFOPLIST_FILE = TestTests/Info.plist;
				LD_RUNPATH_SEARCH_PATHS = "$(inherited) @executable_path/Frameworks @loader_path/Frameworks";
				PRODUCT_BUNDLE_IDENTIFIER = synerzip.TestTests;
				PRODUCT_NAME = "$(TARGET_NAME)";
				SWIFT_VERSION = 3.0;
				TEST_HOST = "$(BUILT_PRODUCTS_DIR)/Test.app/Test";
			};
			name = Debug;
		};
		998E61FF1E56D32E00025F8D /* Release */ = {
			isa = XCBuildConfiguration;
			baseConfigurationReference = 4BB88B87E4CCF7DD22852A0A /* Pods-TestTests.release.xcconfig */;
			buildSettings = {
				ALWAYS_EMBED_SWIFT_STANDARD_LIBRARIES = YES;
				BUNDLE_LOADER = "$(TEST_HOST)";
				INFOPLIST_FILE = TestTests/Info.plist;
				LD_RUNPATH_SEARCH_PATHS = "$(inherited) @executable_path/Frameworks @loader_path/Frameworks";
				PRODUCT_BUNDLE_IDENTIFIER = synerzip.TestTests;
				PRODUCT_NAME = "$(TARGET_NAME)";
				SWIFT_VERSION = 3.0;
				TEST_HOST = "$(BUILT_PRODUCTS_DIR)/Test.app/Test";
			};
			name = Release;
		};
		998E62011E56D32E00025F8D /* Debug */ = {
			isa = XCBuildConfiguration;
			baseConfigurationReference = 52C2E660C645AADD5F622953 /* Pods-TestUITests.debug.xcconfig */;
			buildSettings = {
				ALWAYS_EMBED_SWIFT_STANDARD_LIBRARIES = YES;
				INFOPLIST_FILE = TestUITests/Info.plist;
				LD_RUNPATH_SEARCH_PATHS = "$(inherited) @executable_path/Frameworks @loader_path/Frameworks";
				PRODUCT_BUNDLE_IDENTIFIER = synerzip.TestUITests;
				PRODUCT_NAME = "$(TARGET_NAME)";
				SWIFT_VERSION = 3.0;
				TEST_TARGET_NAME = Test;
			};
			name = Debug;
		};
		998E62021E56D32E00025F8D /* Release */ = {
			isa = XCBuildConfiguration;
			baseConfigurationReference = 16AE742B4DC7A68615960865 /* Pods-TestUITests.release.xcconfig */;
			buildSettings = {
				ALWAYS_EMBED_SWIFT_STANDARD_LIBRARIES = YES;
				INFOPLIST_FILE = TestUITests/Info.plist;
				LD_RUNPATH_SEARCH_PATHS = "$(inherited) @executable_path/Frameworks @loader_path/Frameworks";
				PRODUCT_BUNDLE_IDENTIFIER = synerzip.TestUITests;
				PRODUCT_NAME = "$(TARGET_NAME)";
				SWIFT_VERSION = 3.0;
				TEST_TARGET_NAME = Test;
			};
			name = Release;
		};
/* End XCBuildConfiguration section */

/* Begin XCConfigurationList section */
		998E61CD1E56D32D00025F8D /* Build configuration list for PBXProject "Test" */ = {
			isa = XCConfigurationList;
			buildConfigurations = (
				998E61F81E56D32E00025F8D /* Debug */,
				998E61F91E56D32E00025F8D /* Release */,
			);
			defaultConfigurationIsVisible = 0;
			defaultConfigurationName = Release;
		};
		998E61FA1E56D32E00025F8D /* Build configuration list for PBXNativeTarget "Test" */ = {
			isa = XCConfigurationList;
			buildConfigurations = (
				998E61FB1E56D32E00025F8D /* Debug */,
				998E61FC1E56D32E00025F8D /* Release */,
			);
			defaultConfigurationIsVisible = 0;
			defaultConfigurationName = Release;
		};
		998E61FD1E56D32E00025F8D /* Build configuration list for PBXNativeTarget "TestTests" */ = {
			isa = XCConfigurationList;
			buildConfigurations = (
				998E61FE1E56D32E00025F8D /* Debug */,
				998E61FF1E56D32E00025F8D /* Release */,
			);
			defaultConfigurationIsVisible = 0;
			defaultConfigurationName = Release;
		};
		998E62001E56D32E00025F8D /* Build configuration list for PBXNativeTarget "TestUITests" */ = {
			isa = XCConfigurationList;
			buildConfigurations = (
				998E62011E56D32E00025F8D /* Debug */,
				998E62021E56D32E00025F8D /* Release */,
			);
			defaultConfigurationIsVisible = 0;
			defaultConfigurationName = Release;
		};
/* End XCConfigurationList section */
	};
	rootObject = 998E61CA1E56D32D00025F8D /* Project object */;
}
